// !$*UTF8*$!
{
	archiveVersion = 1;
	classes = {
	};
	objectVersion = 50;
	objects = {

/* Begin PBXBuildFile section */
		063BF60221D09FF300A16597 /* CategoryViewController.swift in Sources */ = {isa = PBXBuildFile; fileRef = 063BF60121D09FF300A16597 /* CategoryViewController.swift */; };
		06457B6721AE2B3B006DEC17 /* AppDelegate.swift in Sources */ = {isa = PBXBuildFile; fileRef = 06457B6621AE2B3B006DEC17 /* AppDelegate.swift */; };
		06457B6921AE2B3B006DEC17 /* TodoListViewController.swift in Sources */ = {isa = PBXBuildFile; fileRef = 06457B6821AE2B3B006DEC17 /* TodoListViewController.swift */; };
		06457B6C21AE2B3B006DEC17 /* Main.storyboard in Resources */ = {isa = PBXBuildFile; fileRef = 06457B6A21AE2B3B006DEC17 /* Main.storyboard */; };
		06457B6E21AE2B3B006DEC17 /* Assets.xcassets in Resources */ = {isa = PBXBuildFile; fileRef = 06457B6D21AE2B3B006DEC17 /* Assets.xcassets */; };
		06457B7121AE2B3B006DEC17 /* LaunchScreen.storyboard in Resources */ = {isa = PBXBuildFile; fileRef = 06457B6F21AE2B3B006DEC17 /* LaunchScreen.storyboard */; };
		06F480EF21D51F2700423890 /* Item.swift in Sources */ = {isa = PBXBuildFile; fileRef = 06F480EE21D51F2700423890 /* Item.swift */; };
		06F480F121D51F4F00423890 /* Category.swift in Sources */ = {isa = PBXBuildFile; fileRef = 06F480F021D51F4F00423890 /* Category.swift */; };
		99B38DFEA68046DAFA30FF57 /* Pods_Todoey.framework in Frameworks */ = {isa = PBXBuildFile; fileRef = F09DD8B381C7B37F85D19B80 /* Pods_Todoey.framework */; };
/* End PBXBuildFile section */

/* Begin PBXFileReference section */
		063BF60121D09FF300A16597 /* CategoryViewController.swift */ = {isa = PBXFileReference; lastKnownFileType = sourcecode.swift; path = CategoryViewController.swift; sourceTree = "<group>"; };
		06457B6321AE2B3B006DEC17 /* Todoey.app */ = {isa = PBXFileReference; explicitFileType = wrapper.application; includeInIndex = 0; path = Todoey.app; sourceTree = BUILT_PRODUCTS_DIR; };
		06457B6621AE2B3B006DEC17 /* AppDelegate.swift */ = {isa = PBXFileReference; lastKnownFileType = sourcecode.swift; path = AppDelegate.swift; sourceTree = "<group>"; };
		06457B6821AE2B3B006DEC17 /* TodoListViewController.swift */ = {isa = PBXFileReference; lastKnownFileType = sourcecode.swift; path = TodoListViewController.swift; sourceTree = "<group>"; };
		06457B6B21AE2B3B006DEC17 /* Base */ = {isa = PBXFileReference; lastKnownFileType = file.storyboard; name = Base; path = Base.lproj/Main.storyboard; sourceTree = "<group>"; };
		06457B6D21AE2B3B006DEC17 /* Assets.xcassets */ = {isa = PBXFileReference; lastKnownFileType = folder.assetcatalog; path = Assets.xcassets; sourceTree = "<group>"; };
		06457B7021AE2B3B006DEC17 /* Base */ = {isa = PBXFileReference; lastKnownFileType = file.storyboard; name = Base; path = Base.lproj/LaunchScreen.storyboard; sourceTree = "<group>"; };
		06457B7221AE2B3B006DEC17 /* Info.plist */ = {isa = PBXFileReference; lastKnownFileType = text.plist.xml; path = Info.plist; sourceTree = "<group>"; };
		06F480EE21D51F2700423890 /* Item.swift */ = {isa = PBXFileReference; lastKnownFileType = sourcecode.swift; path = Item.swift; sourceTree = "<group>"; };
		06F480F021D51F4F00423890 /* Category.swift */ = {isa = PBXFileReference; lastKnownFileType = sourcecode.swift; path = Category.swift; sourceTree = "<group>"; };
		3CCC4FE33266CD1DC06B0193 /* Pods-Todoey.release.xcconfig */ = {isa = PBXFileReference; includeInIndex = 1; lastKnownFileType = text.xcconfig; name = "Pods-Todoey.release.xcconfig"; path = "Pods/Target Support Files/Pods-Todoey/Pods-Todoey.release.xcconfig"; sourceTree = "<group>"; };
		F09DD8B381C7B37F85D19B80 /* Pods_Todoey.framework */ = {isa = PBXFileReference; explicitFileType = wrapper.framework; includeInIndex = 0; path = Pods_Todoey.framework; sourceTree = BUILT_PRODUCTS_DIR; };
		FFAF494CDB7F8DEE61948D08 /* Pods-Todoey.debug.xcconfig */ = {isa = PBXFileReference; includeInIndex = 1; lastKnownFileType = text.xcconfig; name = "Pods-Todoey.debug.xcconfig"; path = "Pods/Target Support Files/Pods-Todoey/Pods-Todoey.debug.xcconfig"; sourceTree = "<group>"; };
/* End PBXFileReference section */

/* Begin PBXFrameworksBuildPhase section */
		06457B6021AE2B3B006DEC17 /* Frameworks */ = {
			isa = PBXFrameworksBuildPhase;
			buildActionMask = 2147483647;
			files = (
				99B38DFEA68046DAFA30FF57 /* Pods_Todoey.framework in Frameworks */,
			);
			runOnlyForDeploymentPostprocessing = 0;
		};
/* End PBXFrameworksBuildPhase section */

/* Begin PBXGroup section */
		06457B5A21AE2B3B006DEC17 = {
			isa = PBXGroup;
			children = (
				06457B6521AE2B3B006DEC17 /* Todoey */,
				06457B6421AE2B3B006DEC17 /* Products */,
				2C0D60122BE6FB4346B88F7A /* Pods */,
				07027D07A0E3B9BDC6BA7BD7 /* Frameworks */,
			);
			sourceTree = "<group>";
		};
		06457B6421AE2B3B006DEC17 /* Products */ = {
			isa = PBXGroup;
			children = (
				06457B6321AE2B3B006DEC17 /* Todoey.app */,
			);
			name = Products;
			sourceTree = "<group>";
		};
		06457B6521AE2B3B006DEC17 /* Todoey */ = {
			isa = PBXGroup;
			children = (
				06457B6621AE2B3B006DEC17 /* AppDelegate.swift */,
				069E887721C21E020013B9F5 /* Controllers */,
				069E887621C21DE10013B9F5 /* Data Model */,
				0657C5FF21C21E9300381D1C /* Views */,
				0657C60021C21ECB00381D1C /* Supporting Files */,
				06457B7221AE2B3B006DEC17 /* Info.plist */,
			);
			path = Todoey;
			sourceTree = "<group>";
		};
		0657C5FF21C21E9300381D1C /* Views */ = {
			isa = PBXGroup;
			children = (
				06457B6A21AE2B3B006DEC17 /* Main.storyboard */,
			);
			path = Views;
			sourceTree = "<group>";
		};
		0657C60021C21ECB00381D1C /* Supporting Files */ = {
			isa = PBXGroup;
			children = (
				06457B6D21AE2B3B006DEC17 /* Assets.xcassets */,
				06457B6F21AE2B3B006DEC17 /* LaunchScreen.storyboard */,
			);
			path = "Supporting Files";
			sourceTree = "<group>";
		};
		069E887621C21DE10013B9F5 /* Data Model */ = {
			isa = PBXGroup;
			children = (
				06F480F021D51F4F00423890 /* Category.swift */,
				06F480EE21D51F2700423890 /* Item.swift */,
			);
			path = "Data Model";
			sourceTree = "<group>";
		};
		069E887721C21E020013B9F5 /* Controllers */ = {
			isa = PBXGroup;
			children = (
				063BF60121D09FF300A16597 /* CategoryViewController.swift */,
				06457B6821AE2B3B006DEC17 /* TodoListViewController.swift */,
			);
			path = Controllers;
			sourceTree = "<group>";
		};
		07027D07A0E3B9BDC6BA7BD7 /* Frameworks */ = {
			isa = PBXGroup;
			children = (
				F09DD8B381C7B37F85D19B80 /* Pods_Todoey.framework */,
			);
			name = Frameworks;
			sourceTree = "<group>";
		};
		2C0D60122BE6FB4346B88F7A /* Pods */ = {
			isa = PBXGroup;
			children = (
				FFAF494CDB7F8DEE61948D08 /* Pods-Todoey.debug.xcconfig */,
				3CCC4FE33266CD1DC06B0193 /* Pods-Todoey.release.xcconfig */,
			);
			name = Pods;
			sourceTree = "<group>";
		};
/* End PBXGroup section */

/* Begin PBXNativeTarget section */
		06457B6221AE2B3B006DEC17 /* Todoey */ = {
			isa = PBXNativeTarget;
			buildConfigurationList = 06457B7521AE2B3B006DEC17 /* Build configuration list for PBXNativeTarget "Todoey" */;
			buildPhases = (
				9DBC54520CCBD810A4BB71AA /* [CP] Check Pods Manifest.lock */,
				06457B5F21AE2B3B006DEC17 /* Sources */,
				06457B6021AE2B3B006DEC17 /* Frameworks */,
				06457B6121AE2B3B006DEC17 /* Resources */,
				EF1DF8051C5A34BAC715BA89 /* [CP] Embed Pods Frameworks */,
			);
			buildRules = (
			);
			dependencies = (
			);
			name = Todoey;
			productName = Todoey;
			productReference = 06457B6321AE2B3B006DEC17 /* Todoey.app */;
			productType = "com.apple.product-type.application";
		};
/* End PBXNativeTarget section */

/* Begin PBXProject section */
		06457B5B21AE2B3B006DEC17 /* Project object */ = {
			isa = PBXProject;
			attributes = {
				LastSwiftUpdateCheck = 0940;
				LastUpgradeCheck = 0940;
				ORGANIZATIONNAME = "GUSTAFSSON MATS";
				TargetAttributes = {
					06457B6221AE2B3B006DEC17 = {
						CreatedOnToolsVersion = 9.4.1;
						LastSwiftMigration = 1010;
					};
				};
			};
			buildConfigurationList = 06457B5E21AE2B3B006DEC17 /* Build configuration list for PBXProject "Todoey" */;
			compatibilityVersion = "Xcode 9.3";
			developmentRegion = en;
			hasScannedForEncodings = 0;
			knownRegions = (
				en,
				Base,
			);
			mainGroup = 06457B5A21AE2B3B006DEC17;
			productRefGroup = 06457B6421AE2B3B006DEC17 /* Products */;
			projectDirPath = "";
			projectRoot = "";
			targets = (
				06457B6221AE2B3B006DEC17 /* Todoey */,
			);
		};
/* End PBXProject section */

/* Begin PBXResourcesBuildPhase section */
		06457B6121AE2B3B006DEC17 /* Resources */ = {
			isa = PBXResourcesBuildPhase;
			buildActionMask = 2147483647;
			files = (
				06457B7121AE2B3B006DEC17 /* LaunchScreen.storyboard in Resources */,
				06457B6E21AE2B3B006DEC17 /* Assets.xcassets in Resources */,
				06457B6C21AE2B3B006DEC17 /* Main.storyboard in Resources */,
			);
			runOnlyForDeploymentPostprocessing = 0;
		};
/* End PBXResourcesBuildPhase section */

/* Begin PBXShellScriptBuildPhase section */
		9DBC54520CCBD810A4BB71AA /* [CP] Check Pods Manifest.lock */ = {
			isa = PBXShellScriptBuildPhase;
			buildActionMask = 2147483647;
			files = (
			);
			inputFileListPaths = (
			);
			inputPaths = (
				"${PODS_PODFILE_DIR_PATH}/Podfile.lock",
				"${PODS_ROOT}/Manifest.lock",
			);
			name = "[CP] Check Pods Manifest.lock";
			outputFileListPaths = (
			);
			outputPaths = (
				"$(DERIVED_FILE_DIR)/Pods-Todoey-checkManifestLockResult.txt",
			);
			runOnlyForDeploymentPostprocessing = 0;
			shellPath = /bin/sh;
			shellScript = "diff \"${PODS_PODFILE_DIR_PATH}/Podfile.lock\" \"${PODS_ROOT}/Manifest.lock\" > /dev/null\nif [ $? != 0 ] ; then\n    # print error to STDERR\n    echo \"error: The sandbox is not in sync with the Podfile.lock. Run 'pod install' or update your CocoaPods installation.\" >&2\n    exit 1\nfi\n# This output is used by Xcode 'outputs' to avoid re-running this script phase.\necho \"SUCCESS\" > \"${SCRIPT_OUTPUT_FILE_0}\"\n";
			showEnvVarsInLog = 0;
		};
		EF1DF8051C5A34BAC715BA89 /* [CP] Embed Pods Frameworks */ = {
			isa = PBXShellScriptBuildPhase;
			buildActionMask = 2147483647;
			files = (
			);
			inputFileListPaths = (
			);
			inputPaths = (
				"${SRCROOT}/Pods/Target Support Files/Pods-Todoey/Pods-Todoey-frameworks.sh",
				"${BUILT_PRODUCTS_DIR}/Realm/Realm.framework",
				"${BUILT_PRODUCTS_DIR}/RealmSwift/RealmSwift.framework",
			);
			name = "[CP] Embed Pods Frameworks";
			outputFileListPaths = (
			);
			outputPaths = (
				"${TARGET_BUILD_DIR}/${FRAMEWORKS_FOLDER_PATH}/Realm.framework",
				"${TARGET_BUILD_DIR}/${FRAMEWORKS_FOLDER_PATH}/RealmSwift.framework",
			);
			runOnlyForDeploymentPostprocessing = 0;
			shellPath = /bin/sh;
			shellScript = "\"${SRCROOT}/Pods/Target Support Files/Pods-Todoey/Pods-Todoey-frameworks.sh\"\n";
			showEnvVarsInLog = 0;
		};
/* End PBXShellScriptBuildPhase section */

/* Begin PBXSourcesBuildPhase section */
		06457B5F21AE2B3B006DEC17 /* Sources */ = {
			isa = PBXSourcesBuildPhase;
			buildActionMask = 2147483647;
			files = (
				06F480EF21D51F2700423890 /* Item.swift in Sources */,
				063BF60221D09FF300A16597 /* CategoryViewController.swift in Sources */,
				06457B6921AE2B3B006DEC17 /* TodoListViewController.swift in Sources */,
				06457B6721AE2B3B006DEC17 /* AppDelegate.swift in Sources */,
				06F480F121D51F4F00423890 /* Category.swift in Sources */,
			);
			runOnlyForDeploymentPostprocessing = 0;
		};
/* End PBXSourcesBuildPhase section */

/* Begin PBXVariantGroup section */
		06457B6A21AE2B3B006DEC17 /* Main.storyboard */ = {
			isa = PBXVariantGroup;
			children = (
				06457B6B21AE2B3B006DEC17 /* Base */,
			);
			name = Main.storyboard;
			sourceTree = "<group>";
		};
		06457B6F21AE2B3B006DEC17 /* LaunchScreen.storyboard */ = {
			isa = PBXVariantGroup;
			children = (
				06457B7021AE2B3B006DEC17 /* Base */,
			);
			name = LaunchScreen.storyboard;
			sourceTree = "<group>";
		};
/* End PBXVariantGroup section */

/* Begin XCBuildConfiguration section */
		06457B7321AE2B3B006DEC17 /* Debug */ = {
			isa = XCBuildConfiguration;
			buildSettings = {
				ALWAYS_SEARCH_USER_PATHS = NO;
				CLANG_ANALYZER_NONNULL = YES;
				CLANG_ANALYZER_NUMBER_OBJECT_CONVERSION = YES_AGGRESSIVE;
				CLANG_CXX_LANGUAGE_STANDARD = "gnu++14";
				CLANG_CXX_LIBRARY = "libc++";
				CLANG_ENABLE_MODULES = YES;
				CLANG_ENABLE_OBJC_ARC = YES;
				CLANG_ENABLE_OBJC_WEAK = YES;
				CLANG_WARN_BLOCK_CAPTURE_AUTORELEASING = YES;
				CLANG_WARN_BOOL_CONVERSION = YES;
				CLANG_WARN_COMMA = YES;
				CLANG_WARN_CONSTANT_CONVERSION = YES;
				CLANG_WARN_DEPRECATED_OBJC_IMPLEMENTATIONS = YES;
				CLANG_WARN_DIRECT_OBJC_ISA_USAGE = YES_ERROR;
				CLANG_WARN_DOCUMENTATION_COMMENTS = YES;
				CLANG_WARN_EMPTY_BODY = YES;
				CLANG_WARN_ENUM_CONVERSION = YES;
				CLANG_WARN_INFINITE_RECURSION = YES;
				CLANG_WARN_INT_CONVERSION = YES;
				CLANG_WARN_NON_LITERAL_NULL_CONVERSION = YES;
				CLANG_WARN_OBJC_IMPLICIT_RETAIN_SELF = YES;
				CLANG_WARN_OBJC_LITERAL_CONVERSION = YES;
				CLANG_WARN_OBJC_ROOT_CLASS = YES_ERROR;
				CLANG_WARN_RANGE_LOOP_ANALYSIS = YES;
				CLANG_WARN_STRICT_PROTOTYPES = YES;
				CLANG_WARN_SUSPICIOUS_MOVE = YES;
				CLANG_WARN_UNGUARDED_AVAILABILITY = YES_AGGRESSIVE;
				CLANG_WARN_UNREACHABLE_CODE = YES;
				CLANG_WARN__DUPLICATE_METHOD_MATCH = YES;
				CODE_SIGN_IDENTITY = "iPhone Developer";
				COPY_PHASE_STRIP = NO;
				DEBUG_INFORMATION_FORMAT = dwarf;
				ENABLE_STRICT_OBJC_MSGSEND = YES;
				ENABLE_TESTABILITY = YES;
				GCC_C_LANGUAGE_STANDARD = gnu11;
				GCC_DYNAMIC_NO_PIC = NO;
				GCC_NO_COMMON_BLOCKS = YES;
				GCC_OPTIMIZATION_LEVEL = 0;
				GCC_PREPROCESSOR_DEFINITIONS = (
					"DEBUG=1",
					"$(inherited)",
				);
				GCC_WARN_64_TO_32_BIT_CONVERSION = YES;
				GCC_WARN_ABOUT_RETURN_TYPE = YES_ERROR;
				GCC_WARN_UNDECLARED_SELECTOR = YES;
				GCC_WARN_UNINITIALIZED_AUTOS = YES_AGGRESSIVE;
				GCC_WARN_UNUSED_FUNCTION = YES;
				GCC_WARN_UNUSED_VARIABLE = YES;
				IPHONEOS_DEPLOYMENT_TARGET = 11.4;
				MTL_ENABLE_DEBUG_INFO = YES;
				ONLY_ACTIVE_ARCH = YES;
				SDKROOT = iphoneos;
				SWIFT_ACTIVE_COMPILATION_CONDITIONS = DEBUG;
				SWIFT_OPTIMIZATION_LEVEL = "-Onone";
			};
			name = Debug;
		};
		06457B7421AE2B3B006DEC17 /* Release */ = {
			isa = XCBuildConfiguration;
			buildSettings = {
				ALWAYS_SEARCH_USER_PATHS = NO;
				CLANG_ANALYZER_NONNULL = YES;
				CLANG_ANALYZER_NUMBER_OBJECT_CONVERSION = YES_AGGRESSIVE;
				CLANG_CXX_LANGUAGE_STANDARD = "gnu++14";
				CLANG_CXX_LIBRARY = "libc++";
				CLANG_ENABLE_MODULES = YES;
				CLANG_ENABLE_OBJC_ARC = YES;
				CLANG_ENABLE_OBJC_WEAK = YES;
				CLANG_WARN_BLOCK_CAPTURE_AUTORELEASING = YES;
				CLANG_WARN_BOOL_CONVERSION = YES;
				CLANG_WARN_COMMA = YES;
				CLANG_WARN_CONSTANT_CONVERSION = YES;
				CLANG_WARN_DEPRECATED_OBJC_IMPLEMENTATIONS = YES;
				CLANG_WARN_DIRECT_OBJC_ISA_USAGE = YES_ERROR;
				CLANG_WARN_DOCUMENTATION_COMMENTS = YES;
				CLANG_WARN_EMPTY_BODY = YES;
				CLANG_WARN_ENUM_CONVERSION = YES;
				CLANG_WARN_INFINITE_RECURSION = YES;
				CLANG_WARN_INT_CONVERSION = YES;
				CLANG_WARN_NON_LITERAL_NULL_CONVERSION = YES;
				CLANG_WARN_OBJC_IMPLICIT_RETAIN_SELF = YES;
				CLANG_WARN_OBJC_LITERAL_CONVERSION = YES;
				CLANG_WARN_OBJC_ROOT_CLASS = YES_ERROR;
				CLANG_WARN_RANGE_LOOP_ANALYSIS = YES;
				CLANG_WARN_STRICT_PROTOTYPES = YES;
				CLANG_WARN_SUSPICIOUS_MOVE = YES;
				CLANG_WARN_UNGUARDED_AVAILABILITY = YES_AGGRESSIVE;
				CLANG_WARN_UNREACHABLE_CODE = YES;
				CLANG_WARN__DUPLICATE_METHOD_MATCH = YES;
				CODE_SIGN_IDENTITY = "iPhone Developer";
				COPY_PHASE_STRIP = NO;
				DEBUG_INFORMATION_FORMAT = "dwarf-with-dsym";
				ENABLE_NS_ASSERTIONS = NO;
				ENABLE_STRICT_OBJC_MSGSEND = YES;
				GCC_C_LANGUAGE_STANDARD = gnu11;
				GCC_NO_COMMON_BLOCKS = YES;
				GCC_WARN_64_TO_32_BIT_CONVERSION = YES;
				GCC_WARN_ABOUT_RETURN_TYPE = YES_ERROR;
				GCC_WARN_UNDECLARED_SELECTOR = YES;
				GCC_WARN_UNINITIALIZED_AUTOS = YES_AGGRESSIVE;
				GCC_WARN_UNUSED_FUNCTION = YES;
				GCC_WARN_UNUSED_VARIABLE = YES;
				IPHONEOS_DEPLOYMENT_TARGET = 11.4;
				MTL_ENABLE_DEBUG_INFO = NO;
				SDKROOT = iphoneos;
				SWIFT_COMPILATION_MODE = wholemodule;
				SWIFT_OPTIMIZATION_LEVEL = "-O";
				VALIDATE_PRODUCT = YES;
			};
			name = Release;
		};
		06457B7621AE2B3B006DEC17 /* Debug */ = {
			isa = XCBuildConfiguration;
			baseConfigurationReference = FFAF494CDB7F8DEE61948D08 /* Pods-Todoey.debug.xcconfig */;
			buildSettings = {
				ASSETCATALOG_COMPILER_APPICON_NAME = AppIcon;
				CODE_SIGN_STYLE = Automatic;
				DEVELOPMENT_TEAM = JJD834T9G5;
				INFOPLIST_FILE = Todoey/Info.plist;
				LD_RUNPATH_SEARCH_PATHS = (
					"$(inherited)",
					"@executable_path/Frameworks",
				);
				PRODUCT_BUNDLE_IDENTIFIER = com.matsgustafsson.Todoey;
				PRODUCT_NAME = "$(TARGET_NAME)";
				SWIFT_VERSION = 4.2;
				TARGETED_DEVICE_FAMILY = "1,2";
			};
			name = Debug;
		};
		06457B7721AE2B3B006DEC17 /* Release */ = {
			isa = XCBuildConfiguration;
			baseConfigurationReference = 3CCC4FE33266CD1DC06B0193 /* Pods-Todoey.release.xcconfig */;
			buildSettings = {
				ASSETCATALOG_COMPILER_APPICON_NAME = AppIcon;
				CODE_SIGN_STYLE = Automatic;
				DEVELOPMENT_TEAM = JJD834T9G5;
				INFOPLIST_FILE = Todoey/Info.plist;
				LD_RUNPATH_SEARCH_PATHS = (
					"$(inherited)",
					"@executable_path/Frameworks",
				);
				PRODUCT_BUNDLE_IDENTIFIER = com.matsgustafsson.Todoey;
				PRODUCT_NAME = "$(TARGET_NAME)";
				SWIFT_VERSION = 4.2;
				TARGETED_DEVICE_FAMILY = "1,2";
			};
			name = Release;
		};
/* End XCBuildConfiguration section */

/* Begin XCConfigurationList section */
		06457B5E21AE2B3B006DEC17 /* Build configuration list for PBXProject "Todoey" */ = {
			isa = XCConfigurationList;
			buildConfigurations = (
				06457B7321AE2B3B006DEC17 /* Debug */,
				06457B7421AE2B3B006DEC17 /* Release */,
			);
			defaultConfigurationIsVisible = 0;
			defaultConfigurationName = Release;
		};
		06457B7521AE2B3B006DEC17 /* Build configuration list for PBXNativeTarget "Todoey" */ = {
			isa = XCConfigurationList;
			buildConfigurations = (
				06457B7621AE2B3B006DEC17 /* Debug */,
				06457B7721AE2B3B006DEC17 /* Release */,
			);
			defaultConfigurationIsVisible = 0;
			defaultConfigurationName = Release;
		};
/* End XCConfigurationList section */
	};
	rootObject = 06457B5B21AE2B3B006DEC17 /* Project object */;
}
